
Microsoft Visual Studio Solution File, Format Version 12.00
# Visual Studio Version 17
VisualStudioVersion = 17.10.34928.147
MinimumVisualStudioVersion = 10.0.40219.1
Project("{FAE04EC0-301F-11D3-BF4B-00C04F79EFBC}") = "TMA-USA-EDU-TST1.Server", "TMA-USA-EDU-TST1.Server\TMA-USA-EDU-TST1.Server.csproj", "{7CCB8DB9-FE76-46EB-8904-B02CD2887738}"
EndProject
Project("{54A90642-561A-4BB1-A94E-469ADEE60C69}") = "tma-usa-edu-tst1.client", "tma-usa-edu-tst1.client\tma-usa-edu-tst1.client.esproj", "{91ADE0BB-8964-4B6E-BA67-6231981CDA2C}"
EndProject
Global
	GlobalSection(SolutionConfigurationPlatforms) = preSolution
		Debug|Any CPU = Debug|Any CPU
		Release|Any CPU = Release|Any CPU
	EndGlobalSection
	GlobalSection(ProjectConfigurationPlatforms) = postSolution
		{7CCB8DB9-FE76-46EB-8904-B02CD2887738}.Debug|Any CPU.ActiveCfg = Debug|Any CPU
		{7CCB8DB9-FE76-46EB-8904-B02CD2887738}.Debug|Any CPU.Build.0 = Debug|Any CPU
		{7CCB8DB9-FE76-46EB-8904-B02CD2887738}.Release|Any CPU.ActiveCfg = Release|Any CPU
		{7CCB8DB9-FE76-46EB-8904-B02CD2887738}.Release|Any CPU.Build.0 = Release|Any CPU
		{91ADE0BB-8964-4B6E-BA67-6231981CDA2C}.Debug|Any CPU.ActiveCfg = Debug|Any CPU
		{91ADE0BB-8964-4B6E-BA67-6231981CDA2C}.Debug|Any CPU.Build.0 = Debug|Any CPU
		{91ADE0BB-8964-4B6E-BA67-6231981CDA2C}.Debug|Any CPU.Deploy.0 = Debug|Any CPU
		{91ADE0BB-8964-4B6E-BA67-6231981CDA2C}.Release|Any CPU.ActiveCfg = Release|Any CPU
		{91ADE0BB-8964-4B6E-BA67-6231981CDA2C}.Release|Any CPU.Build.0 = Release|Any CPU
		{91ADE0BB-8964-4B6E-BA67-6231981CDA2C}.Release|Any CPU.Deploy.0 = Release|Any CPU
	EndGlobalSection
	GlobalSection(SolutionProperties) = preSolution
		HideSolutionNode = FALSE
	EndGlobalSection
	GlobalSection(ExtensibilityGlobals) = postSolution
		SolutionGuid = {7C95CF05-ADFB-4234-B78E-5EFA53B12EB0}
	EndGlobalSection
EndGlobal
